// !$*UTF8*$!
{
	archiveVersion = 1;
	classes = {
	};
	objectVersion = 55;
	objects = {

/* Begin PBXBuildFile section */
		B822316B28B8A37100AEB886 /* Assets.xcassets in Resources */ = {isa = PBXBuildFile; fileRef = B822316A28B8A37100AEB886 /* Assets.xcassets */; };
		B822317128B8A37100AEB886 /* watch WatchKit Extension.appex in Embed App Extensions */ = {isa = PBXBuildFile; fileRef = B822317028B8A37100AEB886 /* watch WatchKit Extension.appex */; settings = {ATTRIBUTES = (RemoveHeadersOnCopy, ); }; };
		B822317628B8A37100AEB886 /* ContentView.swift in Sources */ = {isa = PBXBuildFile; fileRef = B822317528B8A37100AEB886 /* ContentView.swift */; };
		B822317828B8A37100AEB886 /* RunningApp.swift in Sources */ = {isa = PBXBuildFile; fileRef = B822317728B8A37100AEB886 /* RunningApp.swift */; };
		B822317A28B8A37100AEB886 /* ComplicationController.swift in Sources */ = {isa = PBXBuildFile; fileRef = B822317928B8A37100AEB886 /* ComplicationController.swift */; };
		B822317C28B8A37200AEB886 /* Assets.xcassets in Resources */ = {isa = PBXBuildFile; fileRef = B822317B28B8A37200AEB886 /* Assets.xcassets */; };
		B822317F28B8A37200AEB886 /* Preview Assets.xcassets in Resources */ = {isa = PBXBuildFile; fileRef = B822317E28B8A37200AEB886 /* Preview Assets.xcassets */; };
		B822318328B8A37200AEB886 /* watch.app in Embed Watch Content */ = {isa = PBXBuildFile; fileRef = B822316828B8A37000AEB886 /* watch.app */; settings = {ATTRIBUTES = (RemoveHeadersOnCopy, ); }; };
		B8B55CC628BA0E4F00C70A3C /* DataResultView.swift in Sources */ = {isa = PBXBuildFile; fileRef = B8B55CC528BA0E4F00C70A3C /* DataResultView.swift */; };
		B8B55CCA28BA1B6F00C70A3C /* DataView.swift in Sources */ = {isa = PBXBuildFile; fileRef = B8B55CC928BA1B6F00C70A3C /* DataView.swift */; };
		B8C71CDA28B8C1D800A1EC78 /* MapViewController.swift in Sources */ = {isa = PBXBuildFile; fileRef = B8C71CD928B8C1D800A1EC78 /* MapViewController.swift */; };
		FE0DF45C28C0419B00614702 /* StaticCountDownView.swift in Sources */ = {isa = PBXBuildFile; fileRef = FE0DF45B28C0419B00614702 /* StaticCountDownView.swift */; };
		FE1123DD28740A5E00CB09B7 /* MapView.swift in Sources */ = {isa = PBXBuildFile; fileRef = FE1123DC28740A5E00CB09B7 /* MapView.swift */; };
		FE1123DF28740AA400CB09B7 /* LocationViewModel.swift in Sources */ = {isa = PBXBuildFile; fileRef = FE1123DE28740AA400CB09B7 /* LocationViewModel.swift */; };
		FE1123E128740ECA00CB09B7 /* PausePanel.swift in Sources */ = {isa = PBXBuildFile; fileRef = FE1123E028740ECA00CB09B7 /* PausePanel.swift */; };
		FE1123E32874205A00CB09B7 /* SpacialArrowView.swift in Sources */ = {isa = PBXBuildFile; fileRef = FE1123E22874205A00CB09B7 /* SpacialArrowView.swift */; };
		FE1123E52874231D00CB09B7 /* SpacialMapView.swift in Sources */ = {isa = PBXBuildFile; fileRef = FE1123E42874231D00CB09B7 /* SpacialMapView.swift */; };
		FE1123E9287437A400CB09B7 /* Assets.xcassets in Resources */ = {isa = PBXBuildFile; fileRef = FE1123E8287437A400CB09B7 /* Assets.xcassets */; };
		FE1C9B9C28BB539E0091AC28 /* TwoAvaterView.swift in Sources */ = {isa = PBXBuildFile; fileRef = FE1C9B9B28BB539E0091AC28 /* TwoAvaterView.swift */; };
		FE1C9B9F28BBA9230091AC28 /* EditMode.swift in Sources */ = {isa = PBXBuildFile; fileRef = FE1C9B9E28BBA9230091AC28 /* EditMode.swift */; };
		FE1C9BA128BBA9E30091AC28 /* DebugPageView.swift in Sources */ = {isa = PBXBuildFile; fileRef = FE1C9BA028BBA9E30091AC28 /* DebugPageView.swift */; };
		FE3A436D28229D5B006F6F16 /* RunningApp.swift in Sources */ = {isa = PBXBuildFile; fileRef = FE3A436C28229D5B006F6F16 /* RunningApp.swift */; };
		FE3A436F28229D5B006F6F16 /* ContentView.swift in Sources */ = {isa = PBXBuildFile; fileRef = FE3A436E28229D5B006F6F16 /* ContentView.swift */; };
		FE3A437428229D5C006F6F16 /* Preview Assets.xcassets in Resources */ = {isa = PBXBuildFile; fileRef = FE3A437328229D5C006F6F16 /* Preview Assets.xcassets */; };
		FE3A437C28229DA1006F6F16 /* StartView.swift in Sources */ = {isa = PBXBuildFile; fileRef = FE3A437B28229DA1006F6F16 /* StartView.swift */; };
		FE3A438028229E48006F6F16 /* RunningManShape.swift in Sources */ = {isa = PBXBuildFile; fileRef = FE3A437F28229E48006F6F16 /* RunningManShape.swift */; };
		FE3A43832822A0B1006F6F16 /* DataStaticsView.swift in Sources */ = {isa = PBXBuildFile; fileRef = FE3A43822822A0B1006F6F16 /* DataStaticsView.swift */; };
		FE3A43872822A102006F6F16 /* SettingsView.swift in Sources */ = {isa = PBXBuildFile; fileRef = FE3A43862822A102006F6F16 /* SettingsView.swift */; };
		FE408A0728BB22650086F5A9 /* FriendsList.swift in Sources */ = {isa = PBXBuildFile; fileRef = FE408A0628BB22650086F5A9 /* FriendsList.swift */; };
		FE408A0928BB305C0086F5A9 /* DetailedView.swift in Sources */ = {isa = PBXBuildFile; fileRef = FE408A0828BB305C0086F5A9 /* DetailedView.swift */; };
		FE664E5228BCB6C20027DFC2 /* RefreshableScrollView.swift in Sources */ = {isa = PBXBuildFile; fileRef = FE664E5128BCB6C20027DFC2 /* RefreshableScrollView.swift */; };
		FE664E5428BCCC540027DFC2 /* EmailLoginFieldsView.swift in Sources */ = {isa = PBXBuildFile; fileRef = FE664E5328BCCC540027DFC2 /* EmailLoginFieldsView.swift */; };
		FE664E5628BCD80F0027DFC2 /* LoginError.swift in Sources */ = {isa = PBXBuildFile; fileRef = FE664E5528BCD80F0027DFC2 /* LoginError.swift */; };
		FE664E5828BCE9160027DFC2 /* StateOfSometing.swift in Sources */ = {isa = PBXBuildFile; fileRef = FE664E5728BCE9160027DFC2 /* StateOfSometing.swift */; };
		FE692B7D2822B87C00F9728A /* DataShape.swift in Sources */ = {isa = PBXBuildFile; fileRef = FE692B7C2822B87C00F9728A /* DataShape.swift */; };
		FE692B7F2822B8F100F9728A /* SettingsShape.swift in Sources */ = {isa = PBXBuildFile; fileRef = FE692B7E2822B8F100F9728A /* SettingsShape.swift */; };
		FE692B812822BFDF00F9728A /* TabBarView.swift in Sources */ = {isa = PBXBuildFile; fileRef = FE692B802822BFDF00F9728A /* TabBarView.swift */; };
		FE692B832822C2F400F9728A /* ButtonRectangle.swift in Sources */ = {isa = PBXBuildFile; fileRef = FE692B822822C2F400F9728A /* ButtonRectangle.swift */; };
		FE692B852822C93400F9728A /* LeftButton.swift in Sources */ = {isa = PBXBuildFile; fileRef = FE692B842822C93400F9728A /* LeftButton.swift */; };
		FE692B872822C93900F9728A /* RightButton.swift in Sources */ = {isa = PBXBuildFile; fileRef = FE692B862822C93900F9728A /* RightButton.swift */; };
		FE692B892822CD6900F9728A /* VibrationSpecialButton.swift in Sources */ = {isa = PBXBuildFile; fileRef = FE692B882822CD6900F9728A /* VibrationSpecialButton.swift */; };
		FE6D7F7428BAAC4200CE3B7F /* ButtonView.swift in Sources */ = {isa = PBXBuildFile; fileRef = FE6D7F7328BAAC4200CE3B7F /* ButtonView.swift */; };
		FE6D7F7628BAB6D100CE3B7F /* MainPageViewModel.swift in Sources */ = {isa = PBXBuildFile; fileRef = FE6D7F7528BAB6D100CE3B7F /* MainPageViewModel.swift */; };
		FE6D7F7828BB036A00CE3B7F /* FirebaseLoginFunctions.swift in Sources */ = {isa = PBXBuildFile; fileRef = FE6D7F7728BB036A00CE3B7F /* FirebaseLoginFunctions.swift */; };
		FE6DDC7D28BA6D3300ECB31C /* MainPage.swift in Sources */ = {isa = PBXBuildFile; fileRef = FE6DDC7A28BA6D3300ECB31C /* MainPage.swift */; };
		FE6DDC7E28BA6D3300ECB31C /* LandingView.swift in Sources */ = {isa = PBXBuildFile; fileRef = FE6DDC7B28BA6D3300ECB31C /* LandingView.swift */; };
		FE6DDC7F28BA6D3300ECB31C /* EmailLogin.swift in Sources */ = {isa = PBXBuildFile; fileRef = FE6DDC7C28BA6D3300ECB31C /* EmailLogin.swift */; };
		FE6DDC8628BA6E5200ECB31C /* FirebaseManager.swift in Sources */ = {isa = PBXBuildFile; fileRef = FE6DDC8528BA6E5200ECB31C /* FirebaseManager.swift */; };
		FE6DDC8928BA72EC00ECB31C /* SignInWithAppleManager.swift in Sources */ = {isa = PBXBuildFile; fileRef = FE6DDC8828BA72EC00ECB31C /* SignInWithAppleManager.swift */; };
		FE6DDC8B28BA7D8E00ECB31C /* ImagePicker.swift in Sources */ = {isa = PBXBuildFile; fileRef = FE6DDC8A28BA7D8E00ECB31C /* ImagePicker.swift */; };
		FE6DDC8D28BA839E00ECB31C /* GoogleService-Info.plist in Resources */ = {isa = PBXBuildFile; fileRef = FE6DDC8C28BA839E00ECB31C /* GoogleService-Info.plist */; };
		FE6DDC9128BA8B5A00ECB31C /* Localizable.strings in Resources */ = {isa = PBXBuildFile; fileRef = FE6DDC9328BA8B5A00ECB31C /* Localizable.strings */; };
		FE6DDC9728BA92E900ECB31C /* UserInfomation.swift in Sources */ = {isa = PBXBuildFile; fileRef = FE6DDC9628BA92E900ECB31C /* UserInfomation.swift */; };
		FE6DDC9A28BA9F3300ECB31C /* Kingfisher in Frameworks */ = {isa = PBXBuildFile; productRef = FE6DDC9928BA9F3300ECB31C /* Kingfisher */; };
		FE7A8B4B28BDF87A00AD8EDF /* RunningDataRingView.swift in Sources */ = {isa = PBXBuildFile; fileRef = FE7A8B4A28BDF87A00AD8EDF /* RunningDataRingView.swift */; };
		FE7A8B4D28BE011A00AD8EDF /* DataRingView.swift in Sources */ = {isa = PBXBuildFile; fileRef = FE7A8B4C28BE011A00AD8EDF /* DataRingView.swift */; };
		FE7A8B4F28BE65CF00AD8EDF /* RectanglePieShapeView.swift in Sources */ = {isa = PBXBuildFile; fileRef = FE7A8B4E28BE65CE00AD8EDF /* RectanglePieShapeView.swift */; };
		FE7A8B5128BE6EE000AD8EDF /* RunningDataModel.swift in Sources */ = {isa = PBXBuildFile; fileRef = FE7A8B5028BE6EE000AD8EDF /* RunningDataModel.swift */; };
		FE7A8B5328BE918600AD8EDF /* RunningDataViewModel.swift in Sources */ = {isa = PBXBuildFile; fileRef = FE7A8B5228BE918600AD8EDF /* RunningDataViewModel.swift */; };
		FE989D75282D47E7009937D4 /* DataPreview.swift in Sources */ = {isa = PBXBuildFile; fileRef = FE989D74282D47E6009937D4 /* DataPreview.swift */; };
		FE989D77282D4819009937D4 /* CadenceData.swift in Sources */ = {isa = PBXBuildFile; fileRef = FE989D76282D4819009937D4 /* CadenceData.swift */; };
		FE989D79282D4BE2009937D4 /* PaceView.swift in Sources */ = {isa = PBXBuildFile; fileRef = FE989D78282D4BE2009937D4 /* PaceView.swift */; };
		FE989D7D282D4BFD009937D4 /* PoseData.swift in Sources */ = {isa = PBXBuildFile; fileRef = FE989D7C282D4BFD009937D4 /* PoseData.swift */; };
		FE989D80282D4D25009937D4 /* StartCountdown.swift in Sources */ = {isa = PBXBuildFile; fileRef = FE989D7F282D4D25009937D4 /* StartCountdown.swift */; };
		FEA6912628BEFAE500D272EB /* ChartDataView.swift in Sources */ = {isa = PBXBuildFile; fileRef = FEA6912528BEFAE500D272EB /* ChartDataView.swift */; };
		FEB537F428698ACB00642B7F /* ConnectView.swift in Sources */ = {isa = PBXBuildFile; fileRef = FEB537F328698ACB00642B7F /* ConnectView.swift */; };
		FEB537F628698FE900642B7F /* ConnectFriendsView.swift in Sources */ = {isa = PBXBuildFile; fileRef = FEB537F528698FE900642B7F /* ConnectFriendsView.swift */; };
		FEB73B1B282D5C090098E755 /* RunningView.swift in Sources */ = {isa = PBXBuildFile; fileRef = FEB73B1A282D5C090098E755 /* RunningView.swift */; };
		FEB73B37282D65F30098E755 /* RunningDataResultView.swift in Sources */ = {isa = PBXBuildFile; fileRef = FEB73B36282D65F30098E755 /* RunningDataResultView.swift */; };
		FEC5835328BF28C9001A8D59 /* ChartView.swift in Sources */ = {isa = PBXBuildFile; fileRef = FEC5835228BF28C9001A8D59 /* ChartView.swift */; };
		FEE964D128BA328F00798923 /* FirebaseAuth in Frameworks */ = {isa = PBXBuildFile; productRef = FEE964D028BA328F00798923 /* FirebaseAuth */; };
		FEE964D328BA328F00798923 /* FirebaseFirestore in Frameworks */ = {isa = PBXBuildFile; productRef = FEE964D228BA328F00798923 /* FirebaseFirestore */; };
		FEE964D528BA328F00798923 /* FirebaseFirestoreSwift in Frameworks */ = {isa = PBXBuildFile; productRef = FEE964D428BA328F00798923 /* FirebaseFirestoreSwift */; };
		FEE964D728BA328F00798923 /* FirebaseStorage in Frameworks */ = {isa = PBXBuildFile; productRef = FEE964D628BA328F00798923 /* FirebaseStorage */; };
/* End PBXBuildFile section */

/* Begin PBXContainerItemProxy section */
		B822317228B8A37100AEB886 /* PBXContainerItemProxy */ = {
			isa = PBXContainerItemProxy;
			containerPortal = FE3A436128229D5B006F6F16 /* Project object */;
			proxyType = 1;
			remoteGlobalIDString = B822316F28B8A37100AEB886;
			remoteInfo = "watch WatchKit Extension";
		};
		B822318128B8A37200AEB886 /* PBXContainerItemProxy */ = {
			isa = PBXContainerItemProxy;
			containerPortal = FE3A436128229D5B006F6F16 /* Project object */;
			proxyType = 1;
			remoteGlobalIDString = B822316728B8A37000AEB886;
			remoteInfo = watch;
		};
/* End PBXContainerItemProxy section */

/* Begin PBXCopyFilesBuildPhase section */
		B822318428B8A37200AEB886 /* Embed Watch Content */ = {
			isa = PBXCopyFilesBuildPhase;
			buildActionMask = 2147483647;
			dstPath = "$(CONTENTS_FOLDER_PATH)/Watch";
			dstSubfolderSpec = 16;
			files = (
				B822318328B8A37200AEB886 /* watch.app in Embed Watch Content */,
			);
			name = "Embed Watch Content";
			runOnlyForDeploymentPostprocessing = 0;
		};
		B822318728B8A37200AEB886 /* Embed App Extensions */ = {
			isa = PBXCopyFilesBuildPhase;
			buildActionMask = 2147483647;
			dstPath = "";
			dstSubfolderSpec = 13;
			files = (
				B822317128B8A37100AEB886 /* watch WatchKit Extension.appex in Embed App Extensions */,
			);
			name = "Embed App Extensions";
			runOnlyForDeploymentPostprocessing = 0;
		};
/* End PBXCopyFilesBuildPhase section */

/* Begin PBXFileReference section */
		B822316828B8A37000AEB886 /* watch.app */ = {isa = PBXFileReference; explicitFileType = wrapper.application; includeInIndex = 0; path = watch.app; sourceTree = BUILT_PRODUCTS_DIR; };
		B822316A28B8A37100AEB886 /* Assets.xcassets */ = {isa = PBXFileReference; lastKnownFileType = folder.assetcatalog; path = Assets.xcassets; sourceTree = "<group>"; };
		B822317028B8A37100AEB886 /* watch WatchKit Extension.appex */ = {isa = PBXFileReference; explicitFileType = "wrapper.app-extension"; includeInIndex = 0; path = "watch WatchKit Extension.appex"; sourceTree = BUILT_PRODUCTS_DIR; };
		B822317528B8A37100AEB886 /* ContentView.swift */ = {isa = PBXFileReference; lastKnownFileType = sourcecode.swift; path = ContentView.swift; sourceTree = "<group>"; };
		B822317728B8A37100AEB886 /* RunningApp.swift */ = {isa = PBXFileReference; lastKnownFileType = sourcecode.swift; path = RunningApp.swift; sourceTree = "<group>"; };
		B822317928B8A37100AEB886 /* ComplicationController.swift */ = {isa = PBXFileReference; lastKnownFileType = sourcecode.swift; path = ComplicationController.swift; sourceTree = "<group>"; };
		B822317B28B8A37200AEB886 /* Assets.xcassets */ = {isa = PBXFileReference; lastKnownFileType = folder.assetcatalog; path = Assets.xcassets; sourceTree = "<group>"; };
		B822317E28B8A37200AEB886 /* Preview Assets.xcassets */ = {isa = PBXFileReference; lastKnownFileType = folder.assetcatalog; path = "Preview Assets.xcassets"; sourceTree = "<group>"; };
		B822318028B8A37200AEB886 /* Info.plist */ = {isa = PBXFileReference; lastKnownFileType = text.plist.xml; path = Info.plist; sourceTree = "<group>"; };
		B822318C28B8A95400AEB886 /* Info.plist */ = {isa = PBXFileReference; lastKnownFileType = text.plist; path = Info.plist; sourceTree = "<group>"; };
		B8B55CC528BA0E4F00C70A3C /* DataResultView.swift */ = {isa = PBXFileReference; lastKnownFileType = sourcecode.swift; path = DataResultView.swift; sourceTree = "<group>"; };
		B8B55CC928BA1B6F00C70A3C /* DataView.swift */ = {isa = PBXFileReference; fileEncoding = 4; lastKnownFileType = sourcecode.swift; path = DataView.swift; sourceTree = "<group>"; };
		B8C71CD928B8C1D800A1EC78 /* MapViewController.swift */ = {isa = PBXFileReference; lastKnownFileType = sourcecode.swift; path = MapViewController.swift; sourceTree = "<group>"; };
		FE0DF45B28C0419B00614702 /* StaticCountDownView.swift */ = {isa = PBXFileReference; lastKnownFileType = sourcecode.swift; path = StaticCountDownView.swift; sourceTree = "<group>"; };
		FE1123DC28740A5E00CB09B7 /* MapView.swift */ = {isa = PBXFileReference; lastKnownFileType = sourcecode.swift; path = MapView.swift; sourceTree = "<group>"; };
		FE1123DE28740AA400CB09B7 /* LocationViewModel.swift */ = {isa = PBXFileReference; lastKnownFileType = sourcecode.swift; path = LocationViewModel.swift; sourceTree = "<group>"; };
		FE1123E028740ECA00CB09B7 /* PausePanel.swift */ = {isa = PBXFileReference; lastKnownFileType = sourcecode.swift; path = PausePanel.swift; sourceTree = "<group>"; };
		FE1123E22874205A00CB09B7 /* SpacialArrowView.swift */ = {isa = PBXFileReference; lastKnownFileType = sourcecode.swift; path = SpacialArrowView.swift; sourceTree = "<group>"; };
		FE1123E42874231D00CB09B7 /* SpacialMapView.swift */ = {isa = PBXFileReference; lastKnownFileType = sourcecode.swift; path = SpacialMapView.swift; sourceTree = "<group>"; };
		FE1123E8287437A400CB09B7 /* Assets.xcassets */ = {isa = PBXFileReference; lastKnownFileType = folder.assetcatalog; path = Assets.xcassets; sourceTree = "<group>"; };
		FE1C9B9B28BB539E0091AC28 /* TwoAvaterView.swift */ = {isa = PBXFileReference; lastKnownFileType = sourcecode.swift; path = TwoAvaterView.swift; sourceTree = "<group>"; };
		FE1C9B9D28BB852E0091AC28 /* Info.plist */ = {isa = PBXFileReference; lastKnownFileType = text.plist; path = Info.plist; sourceTree = "<group>"; };
		FE1C9B9E28BBA9230091AC28 /* EditMode.swift */ = {isa = PBXFileReference; lastKnownFileType = sourcecode.swift; path = EditMode.swift; sourceTree = "<group>"; };
		FE1C9BA028BBA9E30091AC28 /* DebugPageView.swift */ = {isa = PBXFileReference; lastKnownFileType = sourcecode.swift; path = DebugPageView.swift; sourceTree = "<group>"; };
		FE38E7E6285CDA2E00021DD4 /* README.md */ = {isa = PBXFileReference; lastKnownFileType = net.daringfireball.markdown; path = README.md; sourceTree = "<group>"; };
		FE3A436928229D5B006F6F16 /* Running.app */ = {isa = PBXFileReference; explicitFileType = wrapper.application; includeInIndex = 0; path = Running.app; sourceTree = BUILT_PRODUCTS_DIR; };
		FE3A436C28229D5B006F6F16 /* RunningApp.swift */ = {isa = PBXFileReference; lastKnownFileType = sourcecode.swift; path = RunningApp.swift; sourceTree = "<group>"; };
		FE3A436E28229D5B006F6F16 /* ContentView.swift */ = {isa = PBXFileReference; lastKnownFileType = sourcecode.swift; path = ContentView.swift; sourceTree = "<group>"; };
		FE3A437328229D5C006F6F16 /* Preview Assets.xcassets */ = {isa = PBXFileReference; lastKnownFileType = folder.assetcatalog; path = "Preview Assets.xcassets"; sourceTree = "<group>"; };
		FE3A437B28229DA1006F6F16 /* StartView.swift */ = {isa = PBXFileReference; lastKnownFileType = sourcecode.swift; path = StartView.swift; sourceTree = "<group>"; };
		FE3A437F28229E48006F6F16 /* RunningManShape.swift */ = {isa = PBXFileReference; lastKnownFileType = sourcecode.swift; path = RunningManShape.swift; sourceTree = "<group>"; };
		FE3A43822822A0B1006F6F16 /* DataStaticsView.swift */ = {isa = PBXFileReference; lastKnownFileType = sourcecode.swift; path = DataStaticsView.swift; sourceTree = "<group>"; };
		FE3A43862822A102006F6F16 /* SettingsView.swift */ = {isa = PBXFileReference; lastKnownFileType = sourcecode.swift; path = SettingsView.swift; sourceTree = "<group>"; };
		FE408A0628BB22650086F5A9 /* FriendsList.swift */ = {isa = PBXFileReference; lastKnownFileType = sourcecode.swift; path = FriendsList.swift; sourceTree = "<group>"; };
		FE408A0828BB305C0086F5A9 /* DetailedView.swift */ = {isa = PBXFileReference; lastKnownFileType = sourcecode.swift; path = DetailedView.swift; sourceTree = "<group>"; };
		FE664E5128BCB6C20027DFC2 /* RefreshableScrollView.swift */ = {isa = PBXFileReference; lastKnownFileType = sourcecode.swift; path = RefreshableScrollView.swift; sourceTree = "<group>"; };
		FE664E5328BCCC540027DFC2 /* EmailLoginFieldsView.swift */ = {isa = PBXFileReference; lastKnownFileType = sourcecode.swift; path = EmailLoginFieldsView.swift; sourceTree = "<group>"; };
		FE664E5528BCD80F0027DFC2 /* LoginError.swift */ = {isa = PBXFileReference; lastKnownFileType = sourcecode.swift; path = LoginError.swift; sourceTree = "<group>"; };
		FE664E5728BCE9160027DFC2 /* StateOfSometing.swift */ = {isa = PBXFileReference; lastKnownFileType = sourcecode.swift; path = StateOfSometing.swift; sourceTree = "<group>"; };
		FE692B7C2822B87C00F9728A /* DataShape.swift */ = {isa = PBXFileReference; lastKnownFileType = sourcecode.swift; path = DataShape.swift; sourceTree = "<group>"; };
		FE692B7E2822B8F100F9728A /* SettingsShape.swift */ = {isa = PBXFileReference; lastKnownFileType = sourcecode.swift; path = SettingsShape.swift; sourceTree = "<group>"; };
		FE692B802822BFDF00F9728A /* TabBarView.swift */ = {isa = PBXFileReference; lastKnownFileType = sourcecode.swift; path = TabBarView.swift; sourceTree = "<group>"; };
		FE692B822822C2F400F9728A /* ButtonRectangle.swift */ = {isa = PBXFileReference; lastKnownFileType = sourcecode.swift; path = ButtonRectangle.swift; sourceTree = "<group>"; };
		FE692B842822C93400F9728A /* LeftButton.swift */ = {isa = PBXFileReference; lastKnownFileType = sourcecode.swift; path = LeftButton.swift; sourceTree = "<group>"; };
		FE692B862822C93900F9728A /* RightButton.swift */ = {isa = PBXFileReference; lastKnownFileType = sourcecode.swift; path = RightButton.swift; sourceTree = "<group>"; };
		FE692B882822CD6900F9728A /* VibrationSpecialButton.swift */ = {isa = PBXFileReference; lastKnownFileType = sourcecode.swift; path = VibrationSpecialButton.swift; sourceTree = "<group>"; };
		FE6D7F7328BAAC4200CE3B7F /* ButtonView.swift */ = {isa = PBXFileReference; lastKnownFileType = sourcecode.swift; path = ButtonView.swift; sourceTree = "<group>"; };
		FE6D7F7528BAB6D100CE3B7F /* MainPageViewModel.swift */ = {isa = PBXFileReference; lastKnownFileType = sourcecode.swift; path = MainPageViewModel.swift; sourceTree = "<group>"; };
		FE6D7F7728BB036A00CE3B7F /* FirebaseLoginFunctions.swift */ = {isa = PBXFileReference; lastKnownFileType = sourcecode.swift; path = FirebaseLoginFunctions.swift; sourceTree = "<group>"; };
		FE6DDC7A28BA6D3300ECB31C /* MainPage.swift */ = {isa = PBXFileReference; fileEncoding = 4; lastKnownFileType = sourcecode.swift; path = MainPage.swift; sourceTree = "<group>"; };
		FE6DDC7B28BA6D3300ECB31C /* LandingView.swift */ = {isa = PBXFileReference; fileEncoding = 4; lastKnownFileType = sourcecode.swift; path = LandingView.swift; sourceTree = "<group>"; };
		FE6DDC7C28BA6D3300ECB31C /* EmailLogin.swift */ = {isa = PBXFileReference; fileEncoding = 4; lastKnownFileType = sourcecode.swift; path = EmailLogin.swift; sourceTree = "<group>"; };
		FE6DDC8528BA6E5200ECB31C /* FirebaseManager.swift */ = {isa = PBXFileReference; fileEncoding = 4; lastKnownFileType = sourcecode.swift; path = FirebaseManager.swift; sourceTree = "<group>"; };
		FE6DDC8728BA714600ECB31C /* RunningDebug.entitlements */ = {isa = PBXFileReference; lastKnownFileType = text.plist.entitlements; path = RunningDebug.entitlements; sourceTree = "<group>"; };
		FE6DDC8828BA72EC00ECB31C /* SignInWithAppleManager.swift */ = {isa = PBXFileReference; lastKnownFileType = sourcecode.swift; path = SignInWithAppleManager.swift; sourceTree = "<group>"; };
		FE6DDC8A28BA7D8E00ECB31C /* ImagePicker.swift */ = {isa = PBXFileReference; lastKnownFileType = sourcecode.swift; path = ImagePicker.swift; sourceTree = "<group>"; };
		FE6DDC8C28BA839E00ECB31C /* GoogleService-Info.plist */ = {isa = PBXFileReference; fileEncoding = 4; lastKnownFileType = text.plist.xml; path = "GoogleService-Info.plist"; sourceTree = "<group>"; };
		FE6DDC8E28BA858D00ECB31C /* RunningRelease.entitlements */ = {isa = PBXFileReference; lastKnownFileType = text.plist.entitlements; path = RunningRelease.entitlements; sourceTree = "<group>"; };
		FE6DDC9228BA8B5A00ECB31C /* zh-Hans */ = {isa = PBXFileReference; lastKnownFileType = text.plist.strings; name = "zh-Hans"; path = "zh-Hans.lproj/Localizable.strings"; sourceTree = "<group>"; };
		FE6DDC9428BA8B5D00ECB31C /* en */ = {isa = PBXFileReference; lastKnownFileType = text.plist.strings; name = en; path = en.lproj/Localizable.strings; sourceTree = "<group>"; };
		FE6DDC9628BA92E900ECB31C /* UserInfomation.swift */ = {isa = PBXFileReference; lastKnownFileType = sourcecode.swift; path = UserInfomation.swift; sourceTree = "<group>"; };
		FE7A8B4A28BDF87A00AD8EDF /* RunningDataRingView.swift */ = {isa = PBXFileReference; lastKnownFileType = sourcecode.swift; path = RunningDataRingView.swift; sourceTree = "<group>"; };
		FE7A8B4C28BE011A00AD8EDF /* DataRingView.swift */ = {isa = PBXFileReference; lastKnownFileType = sourcecode.swift; path = DataRingView.swift; sourceTree = "<group>"; };
		FE7A8B4E28BE65CE00AD8EDF /* RectanglePieShapeView.swift */ = {isa = PBXFileReference; lastKnownFileType = sourcecode.swift; path = RectanglePieShapeView.swift; sourceTree = "<group>"; };
		FE7A8B5028BE6EE000AD8EDF /* RunningDataModel.swift */ = {isa = PBXFileReference; lastKnownFileType = sourcecode.swift; path = RunningDataModel.swift; sourceTree = "<group>"; };
		FE7A8B5228BE918600AD8EDF /* RunningDataViewModel.swift */ = {isa = PBXFileReference; lastKnownFileType = sourcecode.swift; path = RunningDataViewModel.swift; sourceTree = "<group>"; };
		FE989D74282D47E6009937D4 /* DataPreview.swift */ = {isa = PBXFileReference; lastKnownFileType = sourcecode.swift; path = DataPreview.swift; sourceTree = "<group>"; };
		FE989D76282D4819009937D4 /* CadenceData.swift */ = {isa = PBXFileReference; lastKnownFileType = sourcecode.swift; path = CadenceData.swift; sourceTree = "<group>"; };
		FE989D78282D4BE2009937D4 /* PaceView.swift */ = {isa = PBXFileReference; lastKnownFileType = sourcecode.swift; path = PaceView.swift; sourceTree = "<group>"; };
		FE989D7C282D4BFD009937D4 /* PoseData.swift */ = {isa = PBXFileReference; lastKnownFileType = sourcecode.swift; path = PoseData.swift; sourceTree = "<group>"; };
		FE989D7F282D4D25009937D4 /* StartCountdown.swift */ = {isa = PBXFileReference; lastKnownFileType = sourcecode.swift; path = StartCountdown.swift; sourceTree = "<group>"; };
		FEA6912528BEFAE500D272EB /* ChartDataView.swift */ = {isa = PBXFileReference; lastKnownFileType = sourcecode.swift; path = ChartDataView.swift; sourceTree = "<group>"; };
		FEB537F328698ACB00642B7F /* ConnectView.swift */ = {isa = PBXFileReference; lastKnownFileType = sourcecode.swift; path = ConnectView.swift; sourceTree = "<group>"; };
		FEB537F528698FE900642B7F /* ConnectFriendsView.swift */ = {isa = PBXFileReference; lastKnownFileType = sourcecode.swift; path = ConnectFriendsView.swift; sourceTree = "<group>"; };
		FEB73B1A282D5C090098E755 /* RunningView.swift */ = {isa = PBXFileReference; lastKnownFileType = sourcecode.swift; path = RunningView.swift; sourceTree = "<group>"; };
		FEB73B36282D65F30098E755 /* RunningDataResultView.swift */ = {isa = PBXFileReference; lastKnownFileType = sourcecode.swift; path = RunningDataResultView.swift; sourceTree = "<group>"; };
		FEC5835228BF28C9001A8D59 /* ChartView.swift */ = {isa = PBXFileReference; lastKnownFileType = sourcecode.swift; path = ChartView.swift; sourceTree = "<group>"; };
/* End PBXFileReference section */

/* Begin PBXFrameworksBuildPhase section */
		B822316D28B8A37100AEB886 /* Frameworks */ = {
			isa = PBXFrameworksBuildPhase;
			buildActionMask = 2147483647;
			files = (
			);
			runOnlyForDeploymentPostprocessing = 0;
		};
		FE3A436628229D5B006F6F16 /* Frameworks */ = {
			isa = PBXFrameworksBuildPhase;
			buildActionMask = 2147483647;
			files = (
				FEE964D128BA328F00798923 /* FirebaseAuth in Frameworks */,
				FEE964D728BA328F00798923 /* FirebaseStorage in Frameworks */,
				FEE964D328BA328F00798923 /* FirebaseFirestore in Frameworks */,
				FEE964D528BA328F00798923 /* FirebaseFirestoreSwift in Frameworks */,
				FE6DDC9A28BA9F3300ECB31C /* Kingfisher in Frameworks */,
			);
			runOnlyForDeploymentPostprocessing = 0;
		};
/* End PBXFrameworksBuildPhase section */

/* Begin PBXGroup section */
		B822316928B8A37000AEB886 /* watch */ = {
			isa = PBXGroup;
			children = (
				B822318C28B8A95400AEB886 /* Info.plist */,
				B822316A28B8A37100AEB886 /* Assets.xcassets */,
			);
			path = watch;
			sourceTree = "<group>";
		};
		B822317428B8A37100AEB886 /* watch WatchKit Extension */ = {
			isa = PBXGroup;
			children = (
				B822317528B8A37100AEB886 /* ContentView.swift */,
				B822317728B8A37100AEB886 /* RunningApp.swift */,
				B822317928B8A37100AEB886 /* ComplicationController.swift */,
				B822317B28B8A37200AEB886 /* Assets.xcassets */,
				B822318028B8A37200AEB886 /* Info.plist */,
				B822317D28B8A37200AEB886 /* Preview Content */,
			);
			path = "watch WatchKit Extension";
			sourceTree = "<group>";
		};
		B822317D28B8A37200AEB886 /* Preview Content */ = {
			isa = PBXGroup;
			children = (
				B822317E28B8A37200AEB886 /* Preview Assets.xcassets */,
			);
			path = "Preview Content";
			sourceTree = "<group>";
		};
		FE1123DB28740A5200CB09B7 /* Map */ = {
			isa = PBXGroup;
			children = (
				FE1123DC28740A5E00CB09B7 /* MapView.swift */,
				FE1123DE28740AA400CB09B7 /* LocationViewModel.swift */,
				B8C71CD928B8C1D800A1EC78 /* MapViewController.swift */,
				FE1123E22874205A00CB09B7 /* SpacialArrowView.swift */,
			);
			path = Map;
			sourceTree = "<group>";
		};
		FE323ABF2869594C00F54ABD /* View */ = {
			isa = PBXGroup;
			children = (
				FE6DDC7928BA6D3300ECB31C /* Login */,
				FE3A436E28229D5B006F6F16 /* ContentView.swift */,
				FE3A437A28229D87006F6F16 /* StartRunning */,
				FE989D7E282D4D10009937D4 /* RunningNow */,
				FE3A43812822A09B006F6F16 /* RunningData */,
				FE3A43842822A0E8006F6F16 /* Settings */,
				FE38E7DC285CD73300021DD4 /* PASTView */,
			);
			path = View;
			sourceTree = "<group>";
		};
		FE38E7DA285CD72700021DD4 /* Model */ = {
			isa = PBXGroup;
			children = (
				FE6DDC9628BA92E900ECB31C /* UserInfomation.swift */,
				FE664E5528BCD80F0027DFC2 /* LoginError.swift */,
				FE7A8B5028BE6EE000AD8EDF /* RunningDataModel.swift */,
			);
			path = Model;
			sourceTree = "<group>";
		};
		FE38E7DC285CD73300021DD4 /* PASTView */ = {
			isa = PBXGroup;
			children = (
				B8B55CC528BA0E4F00C70A3C /* DataResultView.swift */,
				FEB537F328698ACB00642B7F /* ConnectView.swift */,
				FE6DDC7A28BA6D3300ECB31C /* MainPage.swift */,
				FE6DDC7B28BA6D3300ECB31C /* LandingView.swift */,
			);
			path = PASTView;
			sourceTree = "<group>";
		};
		FE38E7DE285CD76E00021DD4 /* ViewModel */ = {
			isa = PBXGroup;
			children = (
				FE6D7F7528BAB6D100CE3B7F /* MainPageViewModel.swift */,
				FE664E5728BCE9160027DFC2 /* StateOfSometing.swift */,
				FE7A8B5228BE918600AD8EDF /* RunningDataViewModel.swift */,
			);
			path = ViewModel;
			sourceTree = "<group>";
		};
		FE3A436028229D5B006F6F16 = {
			isa = PBXGroup;
			children = (
				FE38E7E6285CDA2E00021DD4 /* README.md */,
				FE3A436B28229D5B006F6F16 /* Running */,
				B822316928B8A37000AEB886 /* watch */,
				B822317428B8A37100AEB886 /* watch WatchKit Extension */,
				FE3A436A28229D5B006F6F16 /* Products */,
			);
			sourceTree = "<group>";
		};
		FE3A436A28229D5B006F6F16 /* Products */ = {
			isa = PBXGroup;
			children = (
				FE3A436928229D5B006F6F16 /* Running.app */,
				B822316828B8A37000AEB886 /* watch.app */,
				B822317028B8A37100AEB886 /* watch WatchKit Extension.appex */,
			);
			name = Products;
			sourceTree = "<group>";
		};
		FE3A436B28229D5B006F6F16 /* Running */ = {
			isa = PBXGroup;
			children = (
				FE1C9B9D28BB852E0091AC28 /* Info.plist */,
				FE6DDC8E28BA858D00ECB31C /* RunningRelease.entitlements */,
				FE6DDC8728BA714600ECB31C /* RunningDebug.entitlements */,
				FE3A436C28229D5B006F6F16 /* RunningApp.swift */,
				FE38E7DE285CD76E00021DD4 /* ViewModel */,
				FE38E7DA285CD72700021DD4 /* Model */,
				FE6DDC8428BA6E5200ECB31C /* Utils */,
				FE323ABF2869594C00F54ABD /* View */,
				FE1123E8287437A400CB09B7 /* Assets.xcassets */,
				FE6DDC8C28BA839E00ECB31C /* GoogleService-Info.plist */,
				FE3A437228229D5C006F6F16 /* Preview Content */,
				FE6DDC9328BA8B5A00ECB31C /* Localizable.strings */,
			);
			path = Running;
			sourceTree = "<group>";
		};
		FE3A437228229D5C006F6F16 /* Preview Content */ = {
			isa = PBXGroup;
			children = (
				FE3A437328229D5C006F6F16 /* Preview Assets.xcassets */,
			);
			path = "Preview Content";
			sourceTree = "<group>";
		};
		FE3A437A28229D87006F6F16 /* StartRunning */ = {
			isa = PBXGroup;
			children = (
				FE3A437B28229DA1006F6F16 /* StartView.swift */,
				FE692B822822C2F400F9728A /* ButtonRectangle.swift */,
				FE692B842822C93400F9728A /* LeftButton.swift */,
				FE692B862822C93900F9728A /* RightButton.swift */,
				FE692B882822CD6900F9728A /* VibrationSpecialButton.swift */,
				FE1123DB28740A5200CB09B7 /* Map */,
			);
			path = StartRunning;
			sourceTree = "<group>";
		};
		FE3A437D28229E12006F6F16 /* IncisedView */ = {
			isa = PBXGroup;
			children = (
				FE3A437F28229E48006F6F16 /* RunningManShape.swift */,
				FE692B7C2822B87C00F9728A /* DataShape.swift */,
				FE692B7E2822B8F100F9728A /* SettingsShape.swift */,
				FE692B802822BFDF00F9728A /* TabBarView.swift */,
				FE664E5128BCB6C20027DFC2 /* RefreshableScrollView.swift */,
			);
			path = IncisedView;
			sourceTree = "<group>";
		};
		FE3A43812822A09B006F6F16 /* RunningData */ = {
			isa = PBXGroup;
			children = (
				FE3A43822822A0B1006F6F16 /* DataStaticsView.swift */,
				FEA6912528BEFAE500D272EB /* ChartDataView.swift */,
				FEC5835228BF28C9001A8D59 /* ChartView.swift */,
				FE1C9B9B28BB539E0091AC28 /* TwoAvaterView.swift */,
				FE7A8B4E28BE65CE00AD8EDF /* RectanglePieShapeView.swift */,
				FE7A8B5428BEBCC100AD8EDF /* AbandonedViewCollection */,
			);
			path = RunningData;
			sourceTree = "<group>";
		};
		FE3A43842822A0E8006F6F16 /* Settings */ = {
			isa = PBXGroup;
			children = (
				FE3A43862822A102006F6F16 /* SettingsView.swift */,
				FE1C9B9E28BBA9230091AC28 /* EditMode.swift */,
				FE408A0628BB22650086F5A9 /* FriendsList.swift */,
				FE1C9BA028BBA9E30091AC28 /* DebugPageView.swift */,
			);
			path = Settings;
			sourceTree = "<group>";
		};
		FE6DDC7928BA6D3300ECB31C /* Login */ = {
			isa = PBXGroup;
			children = (
				FE6DDC7C28BA6D3300ECB31C /* EmailLogin.swift */,
				FE6DDC8828BA72EC00ECB31C /* SignInWithAppleManager.swift */,
				FE664E5328BCCC540027DFC2 /* EmailLoginFieldsView.swift */,
			);
			path = Login;
			sourceTree = "<group>";
		};
		FE6DDC8428BA6E5200ECB31C /* Utils */ = {
			isa = PBXGroup;
			children = (
				FE408A0828BB305C0086F5A9 /* DetailedView.swift */,
				FE6DDC8528BA6E5200ECB31C /* FirebaseManager.swift */,
				FE6D7F7728BB036A00CE3B7F /* FirebaseLoginFunctions.swift */,
				FE6D7F7328BAAC4200CE3B7F /* ButtonView.swift */,
				FE6DDC8A28BA7D8E00ECB31C /* ImagePicker.swift */,
				FE3A437D28229E12006F6F16 /* IncisedView */,
			);
			path = Utils;
			sourceTree = "<group>";
		};
		FE7A8B5428BEBCC100AD8EDF /* AbandonedViewCollection */ = {
			isa = PBXGroup;
			children = (
				FE989D74282D47E6009937D4 /* DataPreview.swift */,
				B8B55CC928BA1B6F00C70A3C /* DataView.swift */,
				FE989D76282D4819009937D4 /* CadenceData.swift */,
				FE989D7C282D4BFD009937D4 /* PoseData.swift */,
				FE989D78282D4BE2009937D4 /* PaceView.swift */,
			);
			path = AbandonedViewCollection;
			sourceTree = "<group>";
		};
		FE989D7E282D4D10009937D4 /* RunningNow */ = {
			isa = PBXGroup;
			children = (
				FE0DF45B28C0419B00614702 /* StaticCountDownView.swift */,
				FE989D7F282D4D25009937D4 /* StartCountdown.swift */,
				FEB73B1A282D5C090098E755 /* RunningView.swift */,
				FE1123E028740ECA00CB09B7 /* PausePanel.swift */,
				FEB73B36282D65F30098E755 /* RunningDataResultView.swift */,
				FEB537F528698FE900642B7F /* ConnectFriendsView.swift */,
				FE1123E42874231D00CB09B7 /* SpacialMapView.swift */,
				FE7A8B4C28BE011A00AD8EDF /* DataRingView.swift */,
				FE7A8B4A28BDF87A00AD8EDF /* RunningDataRingView.swift */,
			);
			path = RunningNow;
			sourceTree = "<group>";
		};
/* End PBXGroup section */

/* Begin PBXNativeTarget section */
		B822316728B8A37000AEB886 /* watch */ = {
			isa = PBXNativeTarget;
			buildConfigurationList = B822318B28B8A37200AEB886 /* Build configuration list for PBXNativeTarget "watch" */;
			buildPhases = (
				B822316628B8A37000AEB886 /* Resources */,
				B822318728B8A37200AEB886 /* Embed App Extensions */,
			);
			buildRules = (
			);
			dependencies = (
				B822317328B8A37100AEB886 /* PBXTargetDependency */,
			);
			name = watch;
			productName = watch;
			productReference = B822316828B8A37000AEB886 /* watch.app */;
			productType = "com.apple.product-type.application.watchapp2";
		};
		B822316F28B8A37100AEB886 /* watch WatchKit Extension */ = {
			isa = PBXNativeTarget;
			buildConfigurationList = B822318A28B8A37200AEB886 /* Build configuration list for PBXNativeTarget "watch WatchKit Extension" */;
			buildPhases = (
				B822316C28B8A37100AEB886 /* Sources */,
				B822316D28B8A37100AEB886 /* Frameworks */,
				B822316E28B8A37100AEB886 /* Resources */,
			);
			buildRules = (
			);
			dependencies = (
			);
			name = "watch WatchKit Extension";
			productName = "watch WatchKit Extension";
			productReference = B822317028B8A37100AEB886 /* watch WatchKit Extension.appex */;
			productType = "com.apple.product-type.watchkit2-extension";
		};
		FE3A436828229D5B006F6F16 /* Running */ = {
			isa = PBXNativeTarget;
			buildConfigurationList = FE3A437728229D5C006F6F16 /* Build configuration list for PBXNativeTarget "Running" */;
			buildPhases = (
				FE3A436528229D5B006F6F16 /* Sources */,
				FE3A436628229D5B006F6F16 /* Frameworks */,
				FE3A436728229D5B006F6F16 /* Resources */,
				B822318428B8A37200AEB886 /* Embed Watch Content */,
			);
			buildRules = (
			);
			dependencies = (
				B822318228B8A37200AEB886 /* PBXTargetDependency */,
			);
			name = Running;
			packageProductDependencies = (
				FEE964D028BA328F00798923 /* FirebaseAuth */,
				FEE964D228BA328F00798923 /* FirebaseFirestore */,
				FEE964D428BA328F00798923 /* FirebaseFirestoreSwift */,
				FEE964D628BA328F00798923 /* FirebaseStorage */,
				FE6DDC9928BA9F3300ECB31C /* Kingfisher */,
			);
			productName = Running;
			productReference = FE3A436928229D5B006F6F16 /* Running.app */;
			productType = "com.apple.product-type.application";
		};
/* End PBXNativeTarget section */

/* Begin PBXProject section */
		FE3A436128229D5B006F6F16 /* Project object */ = {
			isa = PBXProject;
			attributes = {
				BuildIndependentTargetsInParallel = 1;
				LastSwiftUpdateCheck = 1340;
				LastUpgradeCheck = 1330;
				TargetAttributes = {
					B822316728B8A37000AEB886 = {
						CreatedOnToolsVersion = 13.4.1;
					};
					B822316F28B8A37100AEB886 = {
						CreatedOnToolsVersion = 13.4.1;
					};
					FE3A436828229D5B006F6F16 = {
						CreatedOnToolsVersion = 13.3;
					};
				};
			};
			buildConfigurationList = FE3A436428229D5B006F6F16 /* Build configuration list for PBXProject "Running" */;
			compatibilityVersion = "Xcode 13.0";
			developmentRegion = en;
			hasScannedForEncodings = 0;
			knownRegions = (
				en,
				Base,
				"zh-Hans",
			);
			mainGroup = FE3A436028229D5B006F6F16;
			packageReferences = (
				FEE964CF28BA328F00798923 /* XCRemoteSwiftPackageReference "firebase-ios-sdk" */,
				FE6DDC9828BA9F3300ECB31C /* XCRemoteSwiftPackageReference "Kingfisher" */,
			);
			productRefGroup = FE3A436A28229D5B006F6F16 /* Products */;
			projectDirPath = "";
			projectRoot = "";
			targets = (
				FE3A436828229D5B006F6F16 /* Running */,
				B822316728B8A37000AEB886 /* watch */,
				B822316F28B8A37100AEB886 /* watch WatchKit Extension */,
			);
		};
/* End PBXProject section */

/* Begin PBXResourcesBuildPhase section */
		B822316628B8A37000AEB886 /* Resources */ = {
			isa = PBXResourcesBuildPhase;
			buildActionMask = 2147483647;
			files = (
				B822316B28B8A37100AEB886 /* Assets.xcassets in Resources */,
			);
			runOnlyForDeploymentPostprocessing = 0;
		};
		B822316E28B8A37100AEB886 /* Resources */ = {
			isa = PBXResourcesBuildPhase;
			buildActionMask = 2147483647;
			files = (
				B822317F28B8A37200AEB886 /* Preview Assets.xcassets in Resources */,
				B822317C28B8A37200AEB886 /* Assets.xcassets in Resources */,
			);
			runOnlyForDeploymentPostprocessing = 0;
		};
		FE3A436728229D5B006F6F16 /* Resources */ = {
			isa = PBXResourcesBuildPhase;
			buildActionMask = 2147483647;
			files = (
				FE1123E9287437A400CB09B7 /* Assets.xcassets in Resources */,
				FE6DDC9128BA8B5A00ECB31C /* Localizable.strings in Resources */,
				FE6DDC8D28BA839E00ECB31C /* GoogleService-Info.plist in Resources */,
				FE3A437428229D5C006F6F16 /* Preview Assets.xcassets in Resources */,
			);
			runOnlyForDeploymentPostprocessing = 0;
		};
/* End PBXResourcesBuildPhase section */

/* Begin PBXSourcesBuildPhase section */
		B822316C28B8A37100AEB886 /* Sources */ = {
			isa = PBXSourcesBuildPhase;
			buildActionMask = 2147483647;
			files = (
				B822317628B8A37100AEB886 /* ContentView.swift in Sources */,
				B822317828B8A37100AEB886 /* RunningApp.swift in Sources */,
				B822317A28B8A37100AEB886 /* ComplicationController.swift in Sources */,
			);
			runOnlyForDeploymentPostprocessing = 0;
		};
		FE3A436528229D5B006F6F16 /* Sources */ = {
			isa = PBXSourcesBuildPhase;
			buildActionMask = 2147483647;
			files = (
				FE6D7F7828BB036A00CE3B7F /* FirebaseLoginFunctions.swift in Sources */,
				FE6DDC9728BA92E900ECB31C /* UserInfomation.swift in Sources */,
				FE692B812822BFDF00F9728A /* TabBarView.swift in Sources */,
				FE1123DD28740A5E00CB09B7 /* MapView.swift in Sources */,
				FE1C9B9F28BBA9230091AC28 /* EditMode.swift in Sources */,
				FE408A0928BB305C0086F5A9 /* DetailedView.swift in Sources */,
				FE6DDC8628BA6E5200ECB31C /* FirebaseManager.swift in Sources */,
				FE692B7F2822B8F100F9728A /* SettingsShape.swift in Sources */,
				FE7A8B5328BE918600AD8EDF /* RunningDataViewModel.swift in Sources */,
				FE1123DF28740AA400CB09B7 /* LocationViewModel.swift in Sources */,
				B8B55CCA28BA1B6F00C70A3C /* DataView.swift in Sources */,
				FE664E5828BCE9160027DFC2 /* StateOfSometing.swift in Sources */,
				FE989D75282D47E7009937D4 /* DataPreview.swift in Sources */,
				FEB537F428698ACB00642B7F /* ConnectView.swift in Sources */,
				FE6DDC8B28BA7D8E00ECB31C /* ImagePicker.swift in Sources */,
				FE7A8B4F28BE65CF00AD8EDF /* RectanglePieShapeView.swift in Sources */,
				FE692B872822C93900F9728A /* RightButton.swift in Sources */,
				FE664E5628BCD80F0027DFC2 /* LoginError.swift in Sources */,
				FE989D80282D4D25009937D4 /* StartCountdown.swift in Sources */,
				FE6DDC7E28BA6D3300ECB31C /* LandingView.swift in Sources */,
				FE7A8B4D28BE011A00AD8EDF /* DataRingView.swift in Sources */,
				FE3A438028229E48006F6F16 /* RunningManShape.swift in Sources */,
				FE3A43832822A0B1006F6F16 /* DataStaticsView.swift in Sources */,
				FE6D7F7628BAB6D100CE3B7F /* MainPageViewModel.swift in Sources */,
				FE6DDC7D28BA6D3300ECB31C /* MainPage.swift in Sources */,
				FE6D7F7428BAAC4200CE3B7F /* ButtonView.swift in Sources */,
				FE0DF45C28C0419B00614702 /* StaticCountDownView.swift in Sources */,
				FE408A0728BB22650086F5A9 /* FriendsList.swift in Sources */,
				FE3A436F28229D5B006F6F16 /* ContentView.swift in Sources */,
				FE1123E128740ECA00CB09B7 /* PausePanel.swift in Sources */,
				FEB73B1B282D5C090098E755 /* RunningView.swift in Sources */,
				FEB537F628698FE900642B7F /* ConnectFriendsView.swift in Sources */,
				FEC5835328BF28C9001A8D59 /* ChartView.swift in Sources */,
				FEA6912628BEFAE500D272EB /* ChartDataView.swift in Sources */,
				FE989D7D282D4BFD009937D4 /* PoseData.swift in Sources */,
				FE6DDC8928BA72EC00ECB31C /* SignInWithAppleManager.swift in Sources */,
				FE3A43872822A102006F6F16 /* SettingsView.swift in Sources */,
				FEB73B37282D65F30098E755 /* RunningDataResultView.swift in Sources */,
				FE989D77282D4819009937D4 /* CadenceData.swift in Sources */,
				FE664E5428BCCC540027DFC2 /* EmailLoginFieldsView.swift in Sources */,
				B8B55CC628BA0E4F00C70A3C /* DataResultView.swift in Sources */,
				FE692B892822CD6900F9728A /* VibrationSpecialButton.swift in Sources */,
				FE3A437C28229DA1006F6F16 /* StartView.swift in Sources */,
				FE1C9BA128BBA9E30091AC28 /* DebugPageView.swift in Sources */,
				FE692B832822C2F400F9728A /* ButtonRectangle.swift in Sources */,
				FE3A436D28229D5B006F6F16 /* RunningApp.swift in Sources */,
				FE664E5228BCB6C20027DFC2 /* RefreshableScrollView.swift in Sources */,
				FE1C9B9C28BB539E0091AC28 /* TwoAvaterView.swift in Sources */,
				FE989D79282D4BE2009937D4 /* PaceView.swift in Sources */,
				FE7A8B5128BE6EE000AD8EDF /* RunningDataModel.swift in Sources */,
				FE6DDC7F28BA6D3300ECB31C /* EmailLogin.swift in Sources */,
				FE7A8B4B28BDF87A00AD8EDF /* RunningDataRingView.swift in Sources */,
				FE1123E32874205A00CB09B7 /* SpacialArrowView.swift in Sources */,
				FE1123E52874231D00CB09B7 /* SpacialMapView.swift in Sources */,
				FE692B852822C93400F9728A /* LeftButton.swift in Sources */,
				B8C71CDA28B8C1D800A1EC78 /* MapViewController.swift in Sources */,
				FE692B7D2822B87C00F9728A /* DataShape.swift in Sources */,
			);
			runOnlyForDeploymentPostprocessing = 0;
		};
/* End PBXSourcesBuildPhase section */

/* Begin PBXTargetDependency section */
		B822317328B8A37100AEB886 /* PBXTargetDependency */ = {
			isa = PBXTargetDependency;
			target = B822316F28B8A37100AEB886 /* watch WatchKit Extension */;
			targetProxy = B822317228B8A37100AEB886 /* PBXContainerItemProxy */;
		};
		B822318228B8A37200AEB886 /* PBXTargetDependency */ = {
			isa = PBXTargetDependency;
			target = B822316728B8A37000AEB886 /* watch */;
			targetProxy = B822318128B8A37200AEB886 /* PBXContainerItemProxy */;
		};
/* End PBXTargetDependency section */

/* Begin PBXVariantGroup section */
		FE6DDC9328BA8B5A00ECB31C /* Localizable.strings */ = {
			isa = PBXVariantGroup;
			children = (
				FE6DDC9228BA8B5A00ECB31C /* zh-Hans */,
				FE6DDC9428BA8B5D00ECB31C /* en */,
			);
			name = Localizable.strings;
			sourceTree = "<group>";
		};
/* End PBXVariantGroup section */

/* Begin XCBuildConfiguration section */
		B822318528B8A37200AEB886 /* Debug */ = {
			isa = XCBuildConfiguration;
			buildSettings = {
				ALWAYS_EMBED_SWIFT_STANDARD_LIBRARIES = YES;
				ASSETCATALOG_COMPILER_APPICON_NAME = AppIcon;
				ASSETCATALOG_COMPILER_GLOBAL_ACCENT_COLOR_NAME = AccentColor;
				CODE_SIGN_STYLE = Automatic;
				CURRENT_PROJECT_VERSION = 2;
				DEVELOPMENT_TEAM = L3P8YP4XRH;
				GENERATE_INFOPLIST_FILE = YES;
				IBSC_MODULE = watch_WatchKit_Extension;
				INFOPLIST_FILE = watch/Info.plist;
				INFOPLIST_KEY_CFBundleDisplayName = "Run With Me";
				INFOPLIST_KEY_UISupportedInterfaceOrientations = "UIInterfaceOrientationPortrait UIInterfaceOrientationPortraitUpsideDown";
				INFOPLIST_KEY_WKCompanionAppBundleIdentifier = me.yongfrank.Running;
				MARKETING_VERSION = 0.1.0;
				PRODUCT_BUNDLE_IDENTIFIER = me.yongfrank.Running.watchkitapp;
				PRODUCT_NAME = "$(TARGET_NAME)";
				SDKROOT = watchos;
				SKIP_INSTALL = YES;
				SWIFT_EMIT_LOC_STRINGS = YES;
				SWIFT_VERSION = 5.0;
				TARGETED_DEVICE_FAMILY = 4;
				WATCHOS_DEPLOYMENT_TARGET = 8.5;
			};
			name = Debug;
		};
		B822318628B8A37200AEB886 /* Release */ = {
			isa = XCBuildConfiguration;
			buildSettings = {
				ALWAYS_EMBED_SWIFT_STANDARD_LIBRARIES = YES;
				ASSETCATALOG_COMPILER_APPICON_NAME = AppIcon;
				ASSETCATALOG_COMPILER_GLOBAL_ACCENT_COLOR_NAME = AccentColor;
				CODE_SIGN_STYLE = Automatic;
				CURRENT_PROJECT_VERSION = 2;
				DEVELOPMENT_TEAM = L3P8YP4XRH;
				GENERATE_INFOPLIST_FILE = YES;
				IBSC_MODULE = watch_WatchKit_Extension;
				INFOPLIST_FILE = watch/Info.plist;
				INFOPLIST_KEY_CFBundleDisplayName = "Run With Me";
				INFOPLIST_KEY_UISupportedInterfaceOrientations = "UIInterfaceOrientationPortrait UIInterfaceOrientationPortraitUpsideDown";
				INFOPLIST_KEY_WKCompanionAppBundleIdentifier = me.yongfrank.Running;
				MARKETING_VERSION = 0.1.0;
				PRODUCT_BUNDLE_IDENTIFIER = me.yongfrank.Running.watchkitapp;
				PRODUCT_NAME = "$(TARGET_NAME)";
				SDKROOT = watchos;
				SKIP_INSTALL = YES;
				SWIFT_EMIT_LOC_STRINGS = YES;
				SWIFT_VERSION = 5.0;
				TARGETED_DEVICE_FAMILY = 4;
				WATCHOS_DEPLOYMENT_TARGET = 8.5;
			};
			name = Release;
		};
		B822318828B8A37200AEB886 /* Debug */ = {
			isa = XCBuildConfiguration;
			buildSettings = {
				ASSETCATALOG_COMPILER_COMPLICATION_NAME = Complication;
				CODE_SIGN_STYLE = Automatic;
				CURRENT_PROJECT_VERSION = 2;
				DEVELOPMENT_ASSET_PATHS = "\"watch WatchKit Extension/Preview Content\"";
				DEVELOPMENT_TEAM = L3P8YP4XRH;
				ENABLE_PREVIEWS = YES;
				GENERATE_INFOPLIST_FILE = YES;
				INFOPLIST_FILE = "watch WatchKit Extension/Info.plist";
				INFOPLIST_KEY_CFBundleDisplayName = "watch WatchKit Extension";
				INFOPLIST_KEY_CLKComplicationPrincipalClass = watch_WatchKit_Extension.ComplicationController;
				INFOPLIST_KEY_NSHumanReadableCopyright = "";
				INFOPLIST_KEY_NSLocationAlwaysUsageDescription = "We need your location.";
				INFOPLIST_KEY_NSLocationUsageDescription = "We need your location.";
				INFOPLIST_KEY_NSLocationWhenInUseUsageDescription = "We need your location.";
				INFOPLIST_KEY_WKRunsIndependentlyOfCompanionApp = YES;
				LD_RUNPATH_SEARCH_PATHS = (
					"$(inherited)",
					"@executable_path/Frameworks",
					"@executable_path/../../Frameworks",
				);
				MARKETING_VERSION = 0.1.0;
				PRODUCT_BUNDLE_IDENTIFIER = me.yongfrank.Running.watchkitapp.watchkitextension;
				PRODUCT_NAME = "${TARGET_NAME}";
				SDKROOT = watchos;
				SKIP_INSTALL = YES;
				SWIFT_EMIT_LOC_STRINGS = YES;
				SWIFT_VERSION = 5.0;
				TARGETED_DEVICE_FAMILY = 4;
				WATCHOS_DEPLOYMENT_TARGET = 8.5;
			};
			name = Debug;
		};
		B822318928B8A37200AEB886 /* Release */ = {
			isa = XCBuildConfiguration;
			buildSettings = {
				ASSETCATALOG_COMPILER_COMPLICATION_NAME = Complication;
				CODE_SIGN_STYLE = Automatic;
				CURRENT_PROJECT_VERSION = 2;
				DEVELOPMENT_ASSET_PATHS = "\"watch WatchKit Extension/Preview Content\"";
				DEVELOPMENT_TEAM = L3P8YP4XRH;
				ENABLE_PREVIEWS = YES;
				GENERATE_INFOPLIST_FILE = YES;
				INFOPLIST_FILE = "watch WatchKit Extension/Info.plist";
				INFOPLIST_KEY_CFBundleDisplayName = "watch WatchKit Extension";
				INFOPLIST_KEY_CLKComplicationPrincipalClass = watch_WatchKit_Extension.ComplicationController;
				INFOPLIST_KEY_NSHumanReadableCopyright = "";
				INFOPLIST_KEY_NSLocationAlwaysUsageDescription = "We need your location.";
				INFOPLIST_KEY_NSLocationUsageDescription = "We need your location.";
				INFOPLIST_KEY_NSLocationWhenInUseUsageDescription = "We need your location.";
				INFOPLIST_KEY_WKRunsIndependentlyOfCompanionApp = YES;
				LD_RUNPATH_SEARCH_PATHS = (
					"$(inherited)",
					"@executable_path/Frameworks",
					"@executable_path/../../Frameworks",
				);
				MARKETING_VERSION = 0.1.0;
				PRODUCT_BUNDLE_IDENTIFIER = me.yongfrank.Running.watchkitapp.watchkitextension;
				PRODUCT_NAME = "${TARGET_NAME}";
				SDKROOT = watchos;
				SKIP_INSTALL = YES;
				SWIFT_EMIT_LOC_STRINGS = YES;
				SWIFT_VERSION = 5.0;
				TARGETED_DEVICE_FAMILY = 4;
				WATCHOS_DEPLOYMENT_TARGET = 8.5;
			};
			name = Release;
		};
		FE3A437528229D5C006F6F16 /* Debug */ = {
			isa = XCBuildConfiguration;
			buildSettings = {
				ALWAYS_SEARCH_USER_PATHS = NO;
				CLANG_ANALYZER_NONNULL = YES;
				CLANG_ANALYZER_NUMBER_OBJECT_CONVERSION = YES_AGGRESSIVE;
				CLANG_CXX_LANGUAGE_STANDARD = "gnu++17";
				CLANG_ENABLE_MODULES = YES;
				CLANG_ENABLE_OBJC_ARC = YES;
				CLANG_ENABLE_OBJC_WEAK = YES;
				CLANG_WARN_BLOCK_CAPTURE_AUTORELEASING = YES;
				CLANG_WARN_BOOL_CONVERSION = YES;
				CLANG_WARN_COMMA = YES;
				CLANG_WARN_CONSTANT_CONVERSION = YES;
				CLANG_WARN_DEPRECATED_OBJC_IMPLEMENTATIONS = YES;
				CLANG_WARN_DIRECT_OBJC_ISA_USAGE = YES_ERROR;
				CLANG_WARN_DOCUMENTATION_COMMENTS = YES;
				CLANG_WARN_EMPTY_BODY = YES;
				CLANG_WARN_ENUM_CONVERSION = YES;
				CLANG_WARN_INFINITE_RECURSION = YES;
				CLANG_WARN_INT_CONVERSION = YES;
				CLANG_WARN_NON_LITERAL_NULL_CONVERSION = YES;
				CLANG_WARN_OBJC_IMPLICIT_RETAIN_SELF = YES;
				CLANG_WARN_OBJC_LITERAL_CONVERSION = YES;
				CLANG_WARN_OBJC_ROOT_CLASS = YES_ERROR;
				CLANG_WARN_QUOTED_INCLUDE_IN_FRAMEWORK_HEADER = YES;
				CLANG_WARN_RANGE_LOOP_ANALYSIS = YES;
				CLANG_WARN_STRICT_PROTOTYPES = YES;
				CLANG_WARN_SUSPICIOUS_MOVE = YES;
				CLANG_WARN_UNGUARDED_AVAILABILITY = YES_AGGRESSIVE;
				CLANG_WARN_UNREACHABLE_CODE = YES;
				CLANG_WARN__DUPLICATE_METHOD_MATCH = YES;
				COPY_PHASE_STRIP = NO;
				DEBUG_INFORMATION_FORMAT = dwarf;
				ENABLE_STRICT_OBJC_MSGSEND = YES;
				ENABLE_TESTABILITY = YES;
				GCC_C_LANGUAGE_STANDARD = gnu11;
				GCC_DYNAMIC_NO_PIC = NO;
				GCC_NO_COMMON_BLOCKS = YES;
				GCC_OPTIMIZATION_LEVEL = 0;
				GCC_PREPROCESSOR_DEFINITIONS = (
					"DEBUG=1",
					"$(inherited)",
				);
				GCC_WARN_64_TO_32_BIT_CONVERSION = YES;
				GCC_WARN_ABOUT_RETURN_TYPE = YES_ERROR;
				GCC_WARN_UNDECLARED_SELECTOR = YES;
				GCC_WARN_UNINITIALIZED_AUTOS = YES_AGGRESSIVE;
				GCC_WARN_UNUSED_FUNCTION = YES;
				GCC_WARN_UNUSED_VARIABLE = YES;
				IPHONEOS_DEPLOYMENT_TARGET = 15.4;
				MTL_ENABLE_DEBUG_INFO = INCLUDE_SOURCE;
				MTL_FAST_MATH = YES;
				ONLY_ACTIVE_ARCH = YES;
				SDKROOT = iphoneos;
				SWIFT_ACTIVE_COMPILATION_CONDITIONS = DEBUG;
				SWIFT_OPTIMIZATION_LEVEL = "-Onone";
			};
			name = Debug;
		};
		FE3A437628229D5C006F6F16 /* Release */ = {
			isa = XCBuildConfiguration;
			buildSettings = {
				ALWAYS_SEARCH_USER_PATHS = NO;
				CLANG_ANALYZER_NONNULL = YES;
				CLANG_ANALYZER_NUMBER_OBJECT_CONVERSION = YES_AGGRESSIVE;
				CLANG_CXX_LANGUAGE_STANDARD = "gnu++17";
				CLANG_ENABLE_MODULES = YES;
				CLANG_ENABLE_OBJC_ARC = YES;
				CLANG_ENABLE_OBJC_WEAK = YES;
				CLANG_WARN_BLOCK_CAPTURE_AUTORELEASING = YES;
				CLANG_WARN_BOOL_CONVERSION = YES;
				CLANG_WARN_COMMA = YES;
				CLANG_WARN_CONSTANT_CONVERSION = YES;
				CLANG_WARN_DEPRECATED_OBJC_IMPLEMENTATIONS = YES;
				CLANG_WARN_DIRECT_OBJC_ISA_USAGE = YES_ERROR;
				CLANG_WARN_DOCUMENTATION_COMMENTS = YES;
				CLANG_WARN_EMPTY_BODY = YES;
				CLANG_WARN_ENUM_CONVERSION = YES;
				CLANG_WARN_INFINITE_RECURSION = YES;
				CLANG_WARN_INT_CONVERSION = YES;
				CLANG_WARN_NON_LITERAL_NULL_CONVERSION = YES;
				CLANG_WARN_OBJC_IMPLICIT_RETAIN_SELF = YES;
				CLANG_WARN_OBJC_LITERAL_CONVERSION = YES;
				CLANG_WARN_OBJC_ROOT_CLASS = YES_ERROR;
				CLANG_WARN_QUOTED_INCLUDE_IN_FRAMEWORK_HEADER = YES;
				CLANG_WARN_RANGE_LOOP_ANALYSIS = YES;
				CLANG_WARN_STRICT_PROTOTYPES = YES;
				CLANG_WARN_SUSPICIOUS_MOVE = YES;
				CLANG_WARN_UNGUARDED_AVAILABILITY = YES_AGGRESSIVE;
				CLANG_WARN_UNREACHABLE_CODE = YES;
				CLANG_WARN__DUPLICATE_METHOD_MATCH = YES;
				COPY_PHASE_STRIP = NO;
				DEBUG_INFORMATION_FORMAT = "dwarf-with-dsym";
				ENABLE_NS_ASSERTIONS = NO;
				ENABLE_STRICT_OBJC_MSGSEND = YES;
				GCC_C_LANGUAGE_STANDARD = gnu11;
				GCC_NO_COMMON_BLOCKS = YES;
				GCC_WARN_64_TO_32_BIT_CONVERSION = YES;
				GCC_WARN_ABOUT_RETURN_TYPE = YES_ERROR;
				GCC_WARN_UNDECLARED_SELECTOR = YES;
				GCC_WARN_UNINITIALIZED_AUTOS = YES_AGGRESSIVE;
				GCC_WARN_UNUSED_FUNCTION = YES;
				GCC_WARN_UNUSED_VARIABLE = YES;
				IPHONEOS_DEPLOYMENT_TARGET = 15.4;
				MTL_ENABLE_DEBUG_INFO = NO;
				MTL_FAST_MATH = YES;
				SDKROOT = iphoneos;
				SWIFT_COMPILATION_MODE = wholemodule;
				SWIFT_OPTIMIZATION_LEVEL = "-O";
				VALIDATE_PRODUCT = YES;
			};
			name = Release;
		};
		FE3A437828229D5C006F6F16 /* Debug */ = {
			isa = XCBuildConfiguration;
			buildSettings = {
				ASSETCATALOG_COMPILER_APPICON_NAME = AppIcon;
				ASSETCATALOG_COMPILER_GLOBAL_ACCENT_COLOR_NAME = AccentColor;
				CODE_SIGN_ENTITLEMENTS = Running/RunningDebug.entitlements;
				CODE_SIGN_STYLE = Automatic;
				CURRENT_PROJECT_VERSION = 2;
				DEVELOPMENT_ASSET_PATHS = "\"Running/Preview Content\"";
				DEVELOPMENT_TEAM = L3P8YP4XRH;
				ENABLE_PREVIEWS = YES;
				GENERATE_INFOPLIST_FILE = YES;
				INFOPLIST_FILE = Running/Info.plist;
				INFOPLIST_KEY_CFBundleDisplayName = "Run With Me";
				INFOPLIST_KEY_NSLocationAlwaysUsageDescription = "We need your location.";
				INFOPLIST_KEY_NSLocationUsageDescription = "软件需要位置信息以展示所在的位置。";
				INFOPLIST_KEY_NSLocationWhenInUseUsageDescription = "We need your location.";
				INFOPLIST_KEY_NSMotionUsageDescription = "AirPods will use your motion.";
				INFOPLIST_KEY_UIApplicationSceneManifest_Generation = YES;
				INFOPLIST_KEY_UIApplicationSupportsIndirectInputEvents = YES;
				INFOPLIST_KEY_UILaunchScreen_Generation = YES;
				INFOPLIST_KEY_UISupportedInterfaceOrientations = UIInterfaceOrientationPortrait;
				INFOPLIST_KEY_UISupportedInterfaceOrientations_iPad = "UIInterfaceOrientationPortrait UIInterfaceOrientationPortraitUpsideDown UIInterfaceOrientationLandscapeLeft UIInterfaceOrientationLandscapeRight";
				INFOPLIST_KEY_UISupportedInterfaceOrientations_iPhone = UIInterfaceOrientationPortrait;
				INFOPLIST_KEY_UIUserInterfaceStyle = Light;
				IPHONEOS_DEPLOYMENT_TARGET = 15.4;
				LD_RUNPATH_SEARCH_PATHS = (
					"$(inherited)",
					"@executable_path/Frameworks",
				);
				MARKETING_VERSION = 0.1.0;
				PRODUCT_BUNDLE_IDENTIFIER = me.yongfrank.Running;
				PRODUCT_NAME = "$(TARGET_NAME)";
				SWIFT_EMIT_LOC_STRINGS = YES;
				SWIFT_VERSION = 5.0;
				TARGETED_DEVICE_FAMILY = "1,2";
			};
			name = Debug;
		};
		FE3A437928229D5C006F6F16 /* Release */ = {
			isa = XCBuildConfiguration;
			buildSettings = {
				ASSETCATALOG_COMPILER_APPICON_NAME = AppIcon;
				ASSETCATALOG_COMPILER_GLOBAL_ACCENT_COLOR_NAME = AccentColor;
				CODE_SIGN_ENTITLEMENTS = Running/RunningRelease.entitlements;
				CODE_SIGN_STYLE = Automatic;
				CURRENT_PROJECT_VERSION = 2;
				DEVELOPMENT_ASSET_PATHS = "\"Running/Preview Content\"";
				DEVELOPMENT_TEAM = L3P8YP4XRH;
				ENABLE_PREVIEWS = YES;
				GENERATE_INFOPLIST_FILE = YES;
				INFOPLIST_FILE = Running/Info.plist;
				INFOPLIST_KEY_CFBundleDisplayName = "Run With Me";
				INFOPLIST_KEY_NSLocationAlwaysUsageDescription = "We need your location.";
				INFOPLIST_KEY_NSLocationUsageDescription = "软件需要位置信息以展示所在的位置。";
				INFOPLIST_KEY_NSLocationWhenInUseUsageDescription = "We need your location.";
				INFOPLIST_KEY_NSMotionUsageDescription = "AirPods will use your motion.";
				INFOPLIST_KEY_UIApplicationSceneManifest_Generation = YES;
				INFOPLIST_KEY_UIApplicationSupportsIndirectInputEvents = YES;
				INFOPLIST_KEY_UILaunchScreen_Generation = YES;
				INFOPLIST_KEY_UISupportedInterfaceOrientations = UIInterfaceOrientationPortrait;
				INFOPLIST_KEY_UISupportedInterfaceOrientations_iPad = "UIInterfaceOrientationPortrait UIInterfaceOrientationPortraitUpsideDown UIInterfaceOrientationLandscapeLeft UIInterfaceOrientationLandscapeRight";
				INFOPLIST_KEY_UISupportedInterfaceOrientations_iPhone = UIInterfaceOrientationPortrait;
				INFOPLIST_KEY_UIUserInterfaceStyle = Light;
				IPHONEOS_DEPLOYMENT_TARGET = 15.4;
				LD_RUNPATH_SEARCH_PATHS = (
					"$(inherited)",
					"@executable_path/Frameworks",
				);
				MARKETING_VERSION = 0.1.0;
				PRODUCT_BUNDLE_IDENTIFIER = me.yongfrank.Running;
				PRODUCT_NAME = "$(TARGET_NAME)";
				SWIFT_EMIT_LOC_STRINGS = YES;
				SWIFT_VERSION = 5.0;
				TARGETED_DEVICE_FAMILY = "1,2";
			};
			name = Release;
		};
/* End XCBuildConfiguration section */

/* Begin XCConfigurationList section */
		B822318A28B8A37200AEB886 /* Build configuration list for PBXNativeTarget "watch WatchKit Extension" */ = {
			isa = XCConfigurationList;
			buildConfigurations = (
				B822318828B8A37200AEB886 /* Debug */,
				B822318928B8A37200AEB886 /* Release */,
			);
			defaultConfigurationIsVisible = 0;
			defaultConfigurationName = Release;
		};
		B822318B28B8A37200AEB886 /* Build configuration list for PBXNativeTarget "watch" */ = {
			isa = XCConfigurationList;
			buildConfigurations = (
				B822318528B8A37200AEB886 /* Debug */,
				B822318628B8A37200AEB886 /* Release */,
			);
			defaultConfigurationIsVisible = 0;
			defaultConfigurationName = Release;
		};
		FE3A436428229D5B006F6F16 /* Build configuration list for PBXProject "Running" */ = {
			isa = XCConfigurationList;
			buildConfigurations = (
				FE3A437528229D5C006F6F16 /* Debug */,
				FE3A437628229D5C006F6F16 /* Release */,
			);
			defaultConfigurationIsVisible = 0;
			defaultConfigurationName = Release;
		};
		FE3A437728229D5C006F6F16 /* Build configuration list for PBXNativeTarget "Running" */ = {
			isa = XCConfigurationList;
			buildConfigurations = (
				FE3A437828229D5C006F6F16 /* Debug */,
				FE3A437928229D5C006F6F16 /* Release */,
			);
			defaultConfigurationIsVisible = 0;
			defaultConfigurationName = Release;
		};
/* End XCConfigurationList section */

/* Begin XCRemoteSwiftPackageReference section */
		FE6DDC9828BA9F3300ECB31C /* XCRemoteSwiftPackageReference "Kingfisher" */ = {
			isa = XCRemoteSwiftPackageReference;
			repositoryURL = "https://github.com/onevcat/Kingfisher.git";
			requirement = {
				kind = upToNextMajorVersion;
				minimumVersion = 7.0.0;
			};
		};
		FEE964CF28BA328F00798923 /* XCRemoteSwiftPackageReference "firebase-ios-sdk" */ = {
			isa = XCRemoteSwiftPackageReference;
			repositoryURL = "https://github.com/firebase/firebase-ios-sdk";
			requirement = {
				kind = upToNextMajorVersion;
				minimumVersion = 9.0.0;
			};
		};
/* End XCRemoteSwiftPackageReference section */

/* Begin XCSwiftPackageProductDependency section */
		FE6DDC9928BA9F3300ECB31C /* Kingfisher */ = {
			isa = XCSwiftPackageProductDependency;
			package = FE6DDC9828BA9F3300ECB31C /* XCRemoteSwiftPackageReference "Kingfisher" */;
			productName = Kingfisher;
		};
		FEE964D028BA328F00798923 /* FirebaseAuth */ = {
			isa = XCSwiftPackageProductDependency;
			package = FEE964CF28BA328F00798923 /* XCRemoteSwiftPackageReference "firebase-ios-sdk" */;
			productName = FirebaseAuth;
		};
		FEE964D228BA328F00798923 /* FirebaseFirestore */ = {
			isa = XCSwiftPackageProductDependency;
			package = FEE964CF28BA328F00798923 /* XCRemoteSwiftPackageReference "firebase-ios-sdk" */;
			productName = FirebaseFirestore;
		};
		FEE964D428BA328F00798923 /* FirebaseFirestoreSwift */ = {
			isa = XCSwiftPackageProductDependency;
			package = FEE964CF28BA328F00798923 /* XCRemoteSwiftPackageReference "firebase-ios-sdk" */;
			productName = FirebaseFirestoreSwift;
		};
		FEE964D628BA328F00798923 /* FirebaseStorage */ = {
			isa = XCSwiftPackageProductDependency;
			package = FEE964CF28BA328F00798923 /* XCRemoteSwiftPackageReference "firebase-ios-sdk" */;
			productName = FirebaseStorage;
		};
/* End XCSwiftPackageProductDependency section */
	};
	rootObject = FE3A436128229D5B006F6F16 /* Project object */;
}
